
Microsoft Visual Studio Solution File, Format Version 12.00
Project("{FAE04EC0-301F-11D3-BF4B-00C04F79EFBC}") = "WebAPI", "WebAPI\WebAPI.csproj", "{BE56070B-FAB1-4A8F-A39D-A9DD7AA4BA5F}"
EndProject
Project("{FAE04EC0-301F-11D3-BF4B-00C04F79EFBC}") = "Application", "Application\Application.csproj", "{DF16CC64-46AD-448C-A6DD-D77B243EB5CB}"
EndProject
Project("{FAE04EC0-301F-11D3-BF4B-00C04F79EFBC}") = "BlazorWASM", "BlazorWASM\BlazorWASM.csproj", "{62C76BF8-09A1-48A0-8CEC-266111EB2F2B}"
EndProject
Project("{FAE04EC0-301F-11D3-BF4B-00C04F79EFBC}") = "HttpClients", "HttpClients\HttpClients.csproj", "{FD6E6F6C-9B68-435A-ACBA-D12CE0F9903B}"
EndProject
Project("{FAE04EC0-301F-11D3-BF4B-00C04F79EFBC}") = "Domain", "Domain\Domain.csproj", "{DF38A139-50A0-4F38-A579-2B57991D534D}"
EndProject
Project("{FAE04EC0-301F-11D3-BF4B-00C04F79EFBC}") = "ImageHosting", "ImageHosting\ImageHosting.csproj", "{8957E785-F3C2-4F7C-91A7-DF4E9743DB3E}"
EndProject
Project("{FAE04EC0-301F-11D3-BF4B-00C04F79EFBC}") = "Shared", "Shared\Shared.csproj", "{3321474F-9B3B-428E-B489-2B07C586A2B2}"
EndProject
Global
	GlobalSection(SolutionConfigurationPlatforms) = preSolution
		Debug|Any CPU = Debug|Any CPU
		Release|Any CPU = Release|Any CPU
	EndGlobalSection
	GlobalSection(ProjectConfigurationPlatforms) = postSolution
		{BE56070B-FAB1-4A8F-A39D-A9DD7AA4BA5F}.Debug|Any CPU.ActiveCfg = Debug|Any CPU
		{BE56070B-FAB1-4A8F-A39D-A9DD7AA4BA5F}.Debug|Any CPU.Build.0 = Debug|Any CPU
		{BE56070B-FAB1-4A8F-A39D-A9DD7AA4BA5F}.Release|Any CPU.ActiveCfg = Release|Any CPU
		{BE56070B-FAB1-4A8F-A39D-A9DD7AA4BA5F}.Release|Any CPU.Build.0 = Release|Any CPU
		{DF16CC64-46AD-448C-A6DD-D77B243EB5CB}.Debug|Any CPU.ActiveCfg = Debug|Any CPU
		{DF16CC64-46AD-448C-A6DD-D77B243EB5CB}.Debug|Any CPU.Build.0 = Debug|Any CPU
		{DF16CC64-46AD-448C-A6DD-D77B243EB5CB}.Release|Any CPU.ActiveCfg = Release|Any CPU
		{DF16CC64-46AD-448C-A6DD-D77B243EB5CB}.Release|Any CPU.Build.0 = Release|Any CPU
		{62C76BF8-09A1-48A0-8CEC-266111EB2F2B}.Debug|Any CPU.ActiveCfg = Debug|Any CPU
		{62C76BF8-09A1-48A0-8CEC-266111EB2F2B}.Debug|Any CPU.Build.0 = Debug|Any CPU
		{62C76BF8-09A1-48A0-8CEC-266111EB2F2B}.Release|Any CPU.ActiveCfg = Release|Any CPU
		{62C76BF8-09A1-48A0-8CEC-266111EB2F2B}.Release|Any CPU.Build.0 = Release|Any CPU
		{FD6E6F6C-9B68-435A-ACBA-D12CE0F9903B}.Debug|Any CPU.ActiveCfg = Debug|Any CPU
		{FD6E6F6C-9B68-435A-ACBA-D12CE0F9903B}.Debug|Any CPU.Build.0 = Debug|Any CPU
		{FD6E6F6C-9B68-435A-ACBA-D12CE0F9903B}.Release|Any CPU.ActiveCfg = Release|Any CPU
		{FD6E6F6C-9B68-435A-ACBA-D12CE0F9903B}.Release|Any CPU.Build.0 = Release|Any CPU
		{DF38A139-50A0-4F38-A579-2B57991D534D}.Debug|Any CPU.ActiveCfg = Debug|Any CPU
		{DF38A139-50A0-4F38-A579-2B57991D534D}.Debug|Any CPU.Build.0 = Debug|Any CPU
		{DF38A139-50A0-4F38-A579-2B57991D534D}.Release|Any CPU.ActiveCfg = Release|Any CPU
		{DF38A139-50A0-4F38-A579-2B57991D534D}.Release|Any CPU.Build.0 = Release|Any CPU
		{8957E785-F3C2-4F7C-91A7-DF4E9743DB3E}.Debug|Any CPU.ActiveCfg = Debug|Any CPU
		{8957E785-F3C2-4F7C-91A7-DF4E9743DB3E}.Debug|Any CPU.Build.0 = Debug|Any CPU
		{8957E785-F3C2-4F7C-91A7-DF4E9743DB3E}.Release|Any CPU.ActiveCfg = Release|Any CPU
		{8957E785-F3C2-4F7C-91A7-DF4E9743DB3E}.Release|Any CPU.Build.0 = Release|Any CPU
		{3321474F-9B3B-428E-B489-2B07C586A2B2}.Debug|Any CPU.ActiveCfg = Debug|Any CPU
		{3321474F-9B3B-428E-B489-2B07C586A2B2}.Debug|Any CPU.Build.0 = Debug|Any CPU
		{3321474F-9B3B-428E-B489-2B07C586A2B2}.Release|Any CPU.ActiveCfg = Release|Any CPU
		{3321474F-9B3B-428E-B489-2B07C586A2B2}.Release|Any CPU.Build.0 = Release|Any CPU
	EndGlobalSection
EndGlobal
